<?xml version="1.0" encoding="utf-8"?>
<Project ToolsVersion="4.0" xmlns="http://schemas.microsoft.com/developer/msbuild/2003">
  <ItemGroup>
    <Filter Include="Source Files">
      <UniqueIdentifier>{4FC737F1-C7A5-4376-A066-2A32D752A2FF}</UniqueIdentifier>
      <Extensions>cpp;c;cc;cxx;def;odl;idl;hpj;bat;asm;asmx;h;hpp;hxx;hm;inl;inc;xsd</Extensions>
    </Filter>
    <Filter Include="ClanLib">
      <UniqueIdentifier>{22060f1f-cf4c-4b1d-8f41-46f3f46a83a4}</UniqueIdentifier>
    </Filter>
  </ItemGroup>
  <ItemGroup>
    <ClCompile Include="Sources\Client\client.cpp">
      <Filter>Source Files</Filter>
    </ClCompile>
    <ClCompile Include="Sources\Client\main.cpp">
      <Filter>Source Files</Filter>
    </ClCompile>
    <ClCompile Include="Sources\Client\SoundSystem.cpp">
      <Filter>Source Files</Filter>
    </ClCompile>
    <ClCompile Include="Sources\Client\User.cpp">
      <Filter>Source Files</Filter>
    </ClCompile>
    <ClCompile Include="Sources\Client\VideoSystem.cpp">
      <Filter>Source Files</Filter>
    </ClCompile>
    <ClCompile Include="Sources\Client\EnemyPlayer.cpp">
      <Filter>Source Files</Filter>
    </ClCompile>
    <ClCompile Include="Sources\utilsString.cpp">
      <Filter>Source Files</Filter>
    </ClCompile>
    <ClCompile Include="Sources\Client\Preferences.cpp">
      <Filter>Source Files</Filter>
    </ClCompile>
  </ItemGroup>
  <ItemGroup>
    <ClInclude Include="Sources\Client\client.h">
      <Filter>Source Files</Filter>
    </ClInclude>
    <ClInclude Include="Sources\custom_type.h">
      <Filter>Source Files</Filter>
    </ClInclude>
    <ClInclude Include="Sources\Client\SoundSystem.h">
      <Filter>Source Files</Filter>
    </ClInclude>
    <ClInclude Include="Sources\Client\User.h">
      <Filter>Source Files</Filter>
    </ClInclude>
    <ClInclude Include="Sources\Client\VideoSystem.h">
      <Filter>Source Files</Filter>
    </ClInclude>
    <ClInclude Include="Sources\Client\common.h">
      <Filter>Source Files</Filter>
    </ClInclude>
    <ClInclude Include="Sources\Client\EnemyPlayer.h">
      <Filter>Source Files</Filter>
    </ClInclude>
    <ClInclude Include="Sources\utilsString.h">
      <Filter>Source Files</Filter>
    </ClInclude>
    <ClInclude Include="Sources\Client\Preferences.h">
      <Filter>Source Files</Filter>
    </ClInclude>
  </ItemGroup>
</Project>