<?xml version="1.0" encoding="utf-8"?>
<Project ToolsVersion="4.0" xmlns="http://schemas.microsoft.com/developer/msbuild/2003">
  <ItemGroup>
    <Filter Include="Source Files">
      <UniqueIdentifier>{4FC737F1-C7A5-4376-A066-2A32D752A2FF}</UniqueIdentifier>
      <Extensions>cpp;c;cc;cxx;def;odl;idl;hpj;bat;asm;asmx</Extensions>
    </Filter>
    <Filter Include="Header Files">
      <UniqueIdentifier>{93995380-89BD-4b04-88EB-625FBE52EBFB}</UniqueIdentifier>
      <Extensions>h;hpp;hxx;hm;inl;inc;xsd</Extensions>
    </Filter>
    <Filter Include="Resource Files">
      <UniqueIdentifier>{67DA6AB6-F800-4c08-8B7A-83BB121AAD01}</UniqueIdentifier>
      <Extensions>rc;ico;cur;bmp;dlg;rc2;rct;bin;rgs;gif;jpg;jpeg;jpe;resx;tiff;tif;png;wav;mfcribbon-ms</Extensions>
    </Filter>
    <Filter Include="Header Files\irrKlang">
      <UniqueIdentifier>{0cb24a69-6725-4506-a159-8de2a6dff4d2}</UniqueIdentifier>
    </Filter>
  </ItemGroup>
  <ItemGroup>
    <None Include="ReadMe.txt" />
  </ItemGroup>
  <ItemGroup>
    <ClInclude Include="stdafx.h">
      <Filter>Header Files</Filter>
    </ClInclude>
    <ClInclude Include="targetver.h">
      <Filter>Header Files</Filter>
    </ClInclude>
    <ClInclude Include="SoundSystemFacade.h">
      <Filter>Header Files</Filter>
    </ClInclude>
    <ClInclude Include="SoundSystemAbstractManager.h">
      <Filter>Header Files</Filter>
    </ClInclude>
    <ClInclude Include="SoundSystemManager.h">
      <Filter>Header Files</Filter>
    </ClInclude>
    <ClInclude Include="SoundSystemFactory.h">
      <Filter>Header Files</Filter>
    </ClInclude>
    <ClInclude Include="irrKlang\irrKlang.h">
      <Filter>Header Files\irrKlang</Filter>
    </ClInclude>
    <ClInclude Include="irrKlang\ik_ESoundEngineOptions.h">
      <Filter>Header Files\irrKlang</Filter>
    </ClInclude>
    <ClInclude Include="irrKlang\ik_ESoundOutputDrivers.h">
      <Filter>Header Files\irrKlang</Filter>
    </ClInclude>
    <ClInclude Include="irrKlang\ik_EStreamModes.h">
      <Filter>Header Files\irrKlang</Filter>
    </ClInclude>
    <ClInclude Include="irrKlang\ik_IAudioRecorder.h">
      <Filter>Header Files\irrKlang</Filter>
    </ClInclude>
    <ClInclude Include="irrKlang\ik_IAudioStream.h">
      <Filter>Header Files\irrKlang</Filter>
    </ClInclude>
    <ClInclude Include="irrKlang\ik_IAudioStreamLoader.h">
      <Filter>Header Files\irrKlang</Filter>
    </ClInclude>
    <ClInclude Include="irrKlang\ik_IFileFactory.h">
      <Filter>Header Files\irrKlang</Filter>
    </ClInclude>
    <ClInclude Include="irrKlang\ik_IFileReader.h">
      <Filter>Header Files\irrKlang</Filter>
    </ClInclude>
    <ClInclude Include="irrKlang\ik_IRefCounted.h">
      <Filter>Header Files\irrKlang</Filter>
    </ClInclude>
    <ClInclude Include="irrKlang\ik_irrKlangTypes.h">
      <Filter>Header Files\irrKlang</Filter>
    </ClInclude>
    <ClInclude Include="irrKlang\ik_ISound.h">
      <Filter>Header Files\irrKlang</Filter>
    </ClInclude>
    <ClInclude Include="irrKlang\ik_ISoundDeviceList.h">
      <Filter>Header Files\irrKlang</Filter>
    </ClInclude>
    <ClInclude Include="irrKlang\ik_ISoundEffectControl.h">
      <Filter>Header Files\irrKlang</Filter>
    </ClInclude>
    <ClInclude Include="irrKlang\ik_ISoundEngine.h">
      <Filter>Header Files\irrKlang</Filter>
    </ClInclude>
    <ClInclude Include="irrKlang\ik_ISoundMixedOutputReceiver.h">
      <Filter>Header Files\irrKlang</Filter>
    </ClInclude>
    <ClInclude Include="irrKlang\ik_ISoundSource.h">
      <Filter>Header Files\irrKlang</Filter>
    </ClInclude>
    <ClInclude Include="irrKlang\ik_ISoundStopEventReceiver.h">
      <Filter>Header Files\irrKlang</Filter>
    </ClInclude>
    <ClInclude Include="irrKlang\ik_IVirtualRefCounted.h">
      <Filter>Header Files\irrKlang</Filter>
    </ClInclude>
    <ClInclude Include="irrKlang\ik_SAudioStreamFormat.h">
      <Filter>Header Files\irrKlang</Filter>
    </ClInclude>
    <ClInclude Include="irrKlang\ik_vec3d.h">
      <Filter>Header Files\irrKlang</Filter>
    </ClInclude>
    <ClInclude Include="SoundSystemException.h">
      <Filter>Header Files</Filter>
    </ClInclude>
    <ClInclude Include="SoundSystemTypeDefs.h">
      <Filter>Header Files</Filter>
    </ClInclude>
  </ItemGroup>
  <ItemGroup>
    <ClCompile Include="stdafx.cpp">
      <Filter>Source Files</Filter>
    </ClCompile>
    <ClCompile Include="SoundSystemComponent.cpp">
      <Filter>Source Files</Filter>
    </ClCompile>
    <ClCompile Include="SoundSystemFacade.cpp">
      <Filter>Source Files</Filter>
    </ClCompile>
    <ClCompile Include="SoundSystemManager.cpp">
      <Filter>Source Files</Filter>
    </ClCompile>
    <ClCompile Include="SoundSystemException.cpp">
      <Filter>Source Files</Filter>
    </ClCompile>
  </ItemGroup>
</Project>